# @generated - this file is auto-generated by `mise lock` https://mise.en.dev/dev-tools/mise-lock.html

[[tools."cargo:cargo-edit"]]
version = "0.13.10"
backend = "cargo:cargo-edit"

[[tools."github:EmbarkStudios/cargo-about"]]
version = "0.8.4"
backend = "github:EmbarkStudios/cargo-about"

[tools."github:EmbarkStudios/cargo-about"."platforms.linux-arm64"]
checksum = "sha256:33e0d54c0366308095fdb9101642d281b224131299e1c62001f43aa02bb3573e"
url = "https://github.com/EmbarkStudios/cargo-about/releases/download/0.8.4/cargo-about-0.8.4-aarch64-unknown-linux-musl.tar.gz"
url_api = "https://api.github.com/repos/EmbarkStudios/cargo-about/releases/assets/324268870"

[tools."github:EmbarkStudios/cargo-about"."platforms.linux-arm64-musl"]
checksum = "sha256:33e0d54c0366308095fdb9101642d281b224131299e1c62001f43aa02bb3573e"
url = "https://github.com/EmbarkStudios/cargo-about/releases/download/0.8.4/cargo-about-0.8.4-aarch64-unknown-linux-musl.tar.gz"
url_api = "https://api.github.com/repos/EmbarkStudios/cargo-about/releases/assets/324268870"

[tools."github:EmbarkStudios/cargo-about"."platforms.linux-x64"]
checksum = "sha256:c7381aa0cdc41fc0ee662cec8daa260da7817ad8ddea04cd4ddad425460adf14"
url = "https://github.com/EmbarkStudios/cargo-about/releases/download/0.8.4/cargo-about-0.8.4-x86_64-unknown-linux-musl.tar.gz"
url_api = "https://api.github.com/repos/EmbarkStudios/cargo-about/releases/assets/324268787"

[tools."github:EmbarkStudios/cargo-about"."platforms.linux-x64-musl"]
checksum = "sha256:c7381aa0cdc41fc0ee662cec8daa260da7817ad8ddea04cd4ddad425460adf14"
url = "https://github.com/EmbarkStudios/cargo-about/releases/download/0.8.4/cargo-about-0.8.4-x86_64-unknown-linux-musl.tar.gz"
url_api = "https://api.github.com/repos/EmbarkStudios/cargo-about/releases/assets/324268787"

[tools."github:EmbarkStudios/cargo-about"."platforms.macos-arm64"]
checksum = "sha256:d5255ead3ac861a11c785bf19d4f70f16e59ac8b9519c312da61213d3d57351d"
url = "https://github.com/EmbarkStudios/cargo-about/releases/download/0.8.4/cargo-about-0.8.4-aarch64-apple-darwin.tar.gz"
url_api = "https://api.github.com/repos/EmbarkStudios/cargo-about/releases/assets/324268695"

[tools."github:EmbarkStudios/cargo-about"."platforms.macos-x64"]
checksum = "sha256:e918d49c481f43eb17da92c406839d5c01d480261d8026a017f3d23706009d0d"
url = "https://github.com/EmbarkStudios/cargo-about/releases/download/0.8.4/cargo-about-0.8.4-x86_64-apple-darwin.tar.gz"
url_api = "https://api.github.com/repos/EmbarkStudios/cargo-about/releases/assets/324269953"

[tools."github:EmbarkStudios/cargo-about"."platforms.windows-x64"]
checksum = "sha256:d5c38fb914bbad57c6a7d58c4847315bc3fe11efbe4fb51b3c515f997a56ceb7"
url = "https://github.com/EmbarkStudios/cargo-about/releases/download/0.8.4/cargo-about-0.8.4-x86_64-pc-windows-msvc.tar.gz"
url_api = "https://api.github.com/repos/EmbarkStudios/cargo-about/releases/assets/324269449"

[[tools."github:sevenc-nanashi/aviutl2-cli"]]
version = "0.10.1"
backend = "github:sevenc-nanashi/aviutl2-cli"

[tools."github:sevenc-nanashi/aviutl2-cli"."platforms.linux-arm64"]
checksum = "sha256:e158da936a7dbb207b274dccc8dc392777812236460d7a088dbce84919d6ead2"
url = "https://github.com/sevenc-nanashi/aviutl2-cli/releases/download/0.10.1/au2-v0.10.1-linux"
url_api = "https://api.github.com/repos/sevenc-nanashi/aviutl2-cli/releases/assets/474194639"

[tools."github:sevenc-nanashi/aviutl2-cli"."platforms.linux-arm64-musl"]
checksum = "sha256:e158da936a7dbb207b274dccc8dc392777812236460d7a088dbce84919d6ead2"
url = "https://github.com/sevenc-nanashi/aviutl2-cli/releases/download/0.10.1/au2-v0.10.1-linux"
url_api = "https://api.github.com/repos/sevenc-nanashi/aviutl2-cli/releases/assets/474194639"

[tools."github:sevenc-nanashi/aviutl2-cli"."platforms.linux-x64"]
checksum = "sha256:e158da936a7dbb207b274dccc8dc392777812236460d7a088dbce84919d6ead2"
url = "https://github.com/sevenc-nanashi/aviutl2-cli/releases/download/0.10.1/au2-v0.10.1-linux"
url_api = "https://api.github.com/repos/sevenc-nanashi/aviutl2-cli/releases/assets/474194639"

[tools."github:sevenc-nanashi/aviutl2-cli"."platforms.linux-x64-musl"]
checksum = "sha256:e158da936a7dbb207b274dccc8dc392777812236460d7a088dbce84919d6ead2"
url = "https://github.com/sevenc-nanashi/aviutl2-cli/releases/download/0.10.1/au2-v0.10.1-linux"
url_api = "https://api.github.com/repos/sevenc-nanashi/aviutl2-cli/releases/assets/474194639"

[tools."github:sevenc-nanashi/aviutl2-cli"."platforms.windows-x64"]
checksum = "sha256:757df49f308ae9be29e2ea2c381c9e0261f4c326a449e25af32c1c7072eb67a7"
url = "https://github.com/sevenc-nanashi/aviutl2-cli/releases/download/0.10.1/au2-v0.10.1-windows.exe"
url_api = "https://api.github.com/repos/sevenc-nanashi/aviutl2-cli/releases/assets/474194637"

[[tools."github:tinted-theming/tinted-builder-rust"]]
version = "0.20.1"
backend = "github:tinted-theming/tinted-builder-rust"

[tools."github:tinted-theming/tinted-builder-rust"."platforms.linux-arm64"]
checksum = "sha256:245783d5aae04be56e6b0289776a74b095b398d272876da7babb0917fe6e2c0e"
url = "https://github.com/tinted-theming/tinted-builder-rust/releases/download/v0.20.1/tinted-builder-rust-aarch64-unknown-linux-gnu.tar.gz"
url_api = "https://api.github.com/repos/tinted-theming/tinted-builder-rust/releases/assets/412144141"

[tools."github:tinted-theming/tinted-builder-rust"."platforms.linux-arm64-musl"]
checksum = "sha256:245783d5aae04be56e6b0289776a74b095b398d272876da7babb0917fe6e2c0e"
url = "https://github.com/tinted-theming/tinted-builder-rust/releases/download/v0.20.1/tinted-builder-rust-aarch64-unknown-linux-gnu.tar.gz"
url_api = "https://api.github.com/repos/tinted-theming/tinted-builder-rust/releases/assets/412144141"

[tools."github:tinted-theming/tinted-builder-rust"."platforms.linux-x64"]
checksum = "sha256:fdb31d448b6e5eb05c35117955e27cc2f8199acb8f64f6ebf7b301b4c0937b03"
url = "https://github.com/tinted-theming/tinted-builder-rust/releases/download/v0.20.1/tinted-builder-rust-x86_64-unknown-linux-gnu.tar.gz"
url_api = "https://api.github.com/repos/tinted-theming/tinted-builder-rust/releases/assets/412143280"

[tools."github:tinted-theming/tinted-builder-rust"."platforms.linux-x64-musl"]
checksum = "sha256:1ad05d4f72b681f5efd1019a9095bd96f82ff3d2a6781f65c6c3a60d378d42ec"
url = "https://github.com/tinted-theming/tinted-builder-rust/releases/download/v0.20.1/tinted-builder-rust-x86_64-unknown-linux-musl.tar.gz"
url_api = "https://api.github.com/repos/tinted-theming/tinted-builder-rust/releases/assets/412144315"

[tools."github:tinted-theming/tinted-builder-rust"."platforms.macos-arm64"]
checksum = "sha256:2405d87f7d872c49fa952496b1958bb2e8c01d08af5196521222fd9463f79e62"
url = "https://github.com/tinted-theming/tinted-builder-rust/releases/download/v0.20.1/tinted-builder-rust-aarch64-apple-darwin.tar.gz"
url_api = "https://api.github.com/repos/tinted-theming/tinted-builder-rust/releases/assets/412143498"

[tools."github:tinted-theming/tinted-builder-rust"."platforms.macos-x64"]
checksum = "sha256:6279d19a2c94c43341b6e4f6b13658d0c98e9633304f0c59a0abbb46b0081a71"
url = "https://github.com/tinted-theming/tinted-builder-rust/releases/download/v0.20.1/tinted-builder-rust-x86_64-apple-darwin.tar.gz"
url_api = "https://api.github.com/repos/tinted-theming/tinted-builder-rust/releases/assets/412143485"

[tools."github:tinted-theming/tinted-builder-rust"."platforms.windows-x64"]
checksum = "sha256:d8b57d32aedda99ce1f68a78be4a7d80957fb711f2ec46b7c297a61397f85d9c"
url = "https://github.com/tinted-theming/tinted-builder-rust/releases/download/v0.20.1/tinted-builder-rust-x86_64-pc-windows-msvc.zip"
url_api = "https://api.github.com/repos/tinted-theming/tinted-builder-rust/releases/assets/412144628"

[[tools.ruby]]
version = "4.0.3"
backend = "core:ruby"
